// !$*UTF8*$!
{
	archiveVersion = 1;
	classes = {
	};
	objectVersion = 50;
	objects = {

/* Begin PBXBuildFile section */
		4D2D7C1923AAB55E0036B6EA /* StarRatingView.swift in Sources */ = {isa = PBXBuildFile; fileRef = 4D2D7C1823AAB55E0036B6EA /* StarRatingView.swift */; };
		4D41A57623A86664002038AD /* AppDelegate.swift in Sources */ = {isa = PBXBuildFile; fileRef = 4D41A57523A86664002038AD /* AppDelegate.swift */; };
		4D41A57A23A86664002038AD /* ViewController.swift in Sources */ = {isa = PBXBuildFile; fileRef = 4D41A57923A86664002038AD /* ViewController.swift */; };
		4D41A57D23A86664002038AD /* Main.storyboard in Resources */ = {isa = PBXBuildFile; fileRef = 4D41A57B23A86664002038AD /* Main.storyboard */; };
		4D41A57F23A86664002038AD /* Assets.xcassets in Resources */ = {isa = PBXBuildFile; fileRef = 4D41A57E23A86664002038AD /* Assets.xcassets */; };
		4D41A58223A86664002038AD /* LaunchScreen.storyboard in Resources */ = {isa = PBXBuildFile; fileRef = 4D41A58023A86664002038AD /* LaunchScreen.storyboard */; };
		4D549B1E23A9423E00A6746F /* data.json in Resources */ = {isa = PBXBuildFile; fileRef = 4D549B1A23A887AE00A6746F /* data.json */; };
		4D549B2023A95D5300A6746F /* ListTableViewController.swift in Sources */ = {isa = PBXBuildFile; fileRef = 4D549B1F23A95D5300A6746F /* ListTableViewController.swift */; };
		4D549B2223A981BC00A6746F /* UIViewExtension.swift in Sources */ = {isa = PBXBuildFile; fileRef = 4D549B2123A981BC00A6746F /* UIViewExtension.swift */; };
		4D549B2423A9843A00A6746F /* DetailViewController.swift in Sources */ = {isa = PBXBuildFile; fileRef = 4D549B2323A9843A00A6746F /* DetailViewController.swift */; };
/* End PBXBuildFile section */

/* Begin PBXFileReference section */
		4D2D7C1823AAB55E0036B6EA /* StarRatingView.swift */ = {isa = PBXFileReference; lastKnownFileType = sourcecode.swift; path = StarRatingView.swift; sourceTree = "<group>"; };
		4D41A57223A86664002038AD /* Handmade.app */ = {isa = PBXFileReference; explicitFileType = wrapper.application; includeInIndex = 0; path = Handmade.app; sourceTree = BUILT_PRODUCTS_DIR; };
		4D41A57523A86664002038AD /* AppDelegate.swift */ = {isa = PBXFileReference; lastKnownFileType = sourcecode.swift; path = AppDelegate.swift; sourceTree = "<group>"; };
		4D41A57923A86664002038AD /* ViewController.swift */ = {isa = PBXFileReference; lastKnownFileType = sourcecode.swift; path = ViewController.swift; sourceTree = "<group>"; };
		4D41A57C23A86664002038AD /* Base */ = {isa = PBXFileReference; lastKnownFileType = file.storyboard; name = Base; path = Base.lproj/Main.storyboard; sourceTree = "<group>"; };
		4D41A57E23A86664002038AD /* Assets.xcassets */ = {isa = PBXFileReference; lastKnownFileType = folder.assetcatalog; path = Assets.xcassets; sourceTree = "<group>"; };
		4D41A58123A86664002038AD /* Base */ = {isa = PBXFileReference; lastKnownFileType = file.storyboard; name = Base; path = Base.lproj/LaunchScreen.storyboard; sourceTree = "<group>"; };
		4D41A58323A86664002038AD /* Info.plist */ = {isa = PBXFileReference; lastKnownFileType = text.plist.xml; path = Info.plist; sourceTree = "<group>"; };
		4D549B1A23A887AE00A6746F /* data.json */ = {isa = PBXFileReference; lastKnownFileType = text.json; path = data.json; sourceTree = "<group>"; };
		4D549B1F23A95D5300A6746F /* ListTableViewController.swift */ = {isa = PBXFileReference; lastKnownFileType = sourcecode.swift; path = ListTableViewController.swift; sourceTree = "<group>"; };
		4D549B2123A981BC00A6746F /* UIViewExtension.swift */ = {isa = PBXFileReference; lastKnownFileType = sourcecode.swift; path = UIViewExtension.swift; sourceTree = "<group>"; };
		4D549B2323A9843A00A6746F /* DetailViewController.swift */ = {isa = PBXFileReference; lastKnownFileType = sourcecode.swift; path = DetailViewController.swift; sourceTree = "<group>"; };
/* End PBXFileReference section */

/* Begin PBXFrameworksBuildPhase section */
		4D41A56F23A86664002038AD /* Frameworks */ = {
			isa = PBXFrameworksBuildPhase;
			buildActionMask = 2147483647;
			files = (
			);
			runOnlyForDeploymentPostprocessing = 0;
		};
/* End PBXFrameworksBuildPhase section */

/* Begin PBXGroup section */
		4D41A56923A86664002038AD = {
			isa = PBXGroup;
			children = (
				4D41A57423A86664002038AD /* Handmade */,
				4D41A57323A86664002038AD /* Products */,
			);
			sourceTree = "<group>";
		};
		4D41A57323A86664002038AD /* Products */ = {
			isa = PBXGroup;
			children = (
				4D41A57223A86664002038AD /* Handmade.app */,
			);
			name = Products;
			sourceTree = "<group>";
		};
		4D41A57423A86664002038AD /* Handmade */ = {
			isa = PBXGroup;
			children = (
				4D41A58923A866FF002038AD /* Classes */,
				4D549B1B23A940ED00A6746F /* Extension */,
				4D41A58A23A86711002038AD /* Storyboards */,
				4D549B1923A8878C00A6746F /* Resources */,
				4D41A57E23A86664002038AD /* Assets.xcassets */,
				4D41A58323A86664002038AD /* Info.plist */,
			);
			path = Handmade;
			sourceTree = "<group>";
		};
		4D41A58923A866FF002038AD /* Classes */ = {
			isa = PBXGroup;
			children = (
				4D41A57523A86664002038AD /* AppDelegate.swift */,
				4D41A57923A86664002038AD /* ViewController.swift */,
				4D549B1F23A95D5300A6746F /* ListTableViewController.swift */,
				4D549B2323A9843A00A6746F /* DetailViewController.swift */,
			);
			path = Classes;
			sourceTree = "<group>";
		};
		4D41A58A23A86711002038AD /* Storyboards */ = {
			isa = PBXGroup;
			children = (
				4D41A57B23A86664002038AD /* Main.storyboard */,
				4D41A58023A86664002038AD /* LaunchScreen.storyboard */,
			);
			path = Storyboards;
			sourceTree = "<group>";
		};
		4D549B1923A8878C00A6746F /* Resources */ = {
			isa = PBXGroup;
			children = (
				4D549B1A23A887AE00A6746F /* data.json */,
			);
			path = Resources;
			sourceTree = "<group>";
		};
		4D549B1B23A940ED00A6746F /* Extension */ = {
			isa = PBXGroup;
			children = (
				4D549B2123A981BC00A6746F /* UIViewExtension.swift */,
				4D2D7C1823AAB55E0036B6EA /* StarRatingView.swift */,
			);
			path = Extension;
			sourceTree = "<group>";
		};
/* End PBXGroup section */

/* Begin PBXNativeTarget section */
		4D41A57123A86664002038AD /* Handmade */ = {
			isa = PBXNativeTarget;
			buildConfigurationList = 4D41A58623A86664002038AD /* Build configuration list for PBXNativeTarget "Handmade" */;
			buildPhases = (
				4D41A56E23A86664002038AD /* Sources */,
				4D41A56F23A86664002038AD /* Frameworks */,
				4D41A57023A86664002038AD /* Resources */,
			);
			buildRules = (
			);
			dependencies = (
			);
			name = Handmade;
			productName = Handmade;
			productReference = 4D41A57223A86664002038AD /* Handmade.app */;
			productType = "com.apple.product-type.application";
		};
/* End PBXNativeTarget section */

/* Begin PBXProject section */
		4D41A56A23A86664002038AD /* Project object */ = {
			isa = PBXProject;
			attributes = {
				LastSwiftUpdateCheck = 1130;
				LastUpgradeCheck = 1130;
				ORGANIZATIONNAME = mk;
				TargetAttributes = {
					4D41A57123A86664002038AD = {
						CreatedOnToolsVersion = 11.3;
					};
				};
			};
			buildConfigurationList = 4D41A56D23A86664002038AD /* Build configuration list for PBXProject "Handmade" */;
			compatibilityVersion = "Xcode 9.3";
			developmentRegion = en;
			hasScannedForEncodings = 0;
			knownRegions = (
				en,
				Base,
			);
			mainGroup = 4D41A56923A86664002038AD;
			productRefGroup = 4D41A57323A86664002038AD /* Products */;
			projectDirPath = "";
			projectRoot = "";
			targets = (
				4D41A57123A86664002038AD /* Handmade */,
			);
		};
/* End PBXProject section */

/* Begin PBXResourcesBuildPhase section */
		4D41A57023A86664002038AD /* Resources */ = {
			isa = PBXResourcesBuildPhase;
			buildActionMask = 2147483647;
			files = (
				4D41A58223A86664002038AD /* LaunchScreen.storyboard in Resources */,
				4D41A57F23A86664002038AD /* Assets.xcassets in Resources */,
				4D41A57D23A86664002038AD /* Main.storyboard in Resources */,
				4D549B1E23A9423E00A6746F /* data.json in Resources */,
			);
			runOnlyForDeploymentPostprocessing = 0;
		};
/* End PBXResourcesBuildPhase section */

/* Begin PBXSourcesBuildPhase section */
		4D41A56E23A86664002038AD /* Sources */ = {
			isa = PBXSourcesBuildPhase;
			buildActionMask = 2147483647;
			files = (
				4D41A57A23A86664002038AD /* ViewController.swift in Sources */,
				4D41A57623A86664002038AD /* AppDelegate.swift in Sources */,
				4D549B2423A9843A00A6746F /* DetailViewController.swift in Sources */,
				4D549B2223A981BC00A6746F /* UIViewExtension.swift in Sources */,
				4D2D7C1923AAB55E0036B6EA /* StarRatingView.swift in Sources */,
				4D549B2023A95D5300A6746F /* ListTableViewController.swift in Sources */,
			);
			runOnlyForDeploymentPostprocessing = 0;
		};
/* End PBXSourcesBuildPhase section */

/* Begin PBXVariantGroup section */
		4D41A57B23A86664002038AD /* Main.storyboard */ = {
			isa = PBXVariantGroup;
			children = (
				4D41A57C23A86664002038AD /* Base */,
			);
			name = Main.storyboard;
			sourceTree = "<group>";
		};
		4D41A58023A86664002038AD /* LaunchScreen.storyboard */ = {
			isa = PBXVariantGroup;
			children = (
				4D41A58123A86664002038AD /* Base */,
			);
			name = LaunchScreen.storyboard;
			sourceTree = "<group>";
		};
/* End PBXVariantGroup section */

/* Begin XCBuildConfiguration section */
		4D41A58423A86664002038AD /* Debug */ = {
			isa = XCBuildConfiguration;
			buildSettings = {
				ALWAYS_SEARCH_USER_PATHS = NO;
				CLANG_ANALYZER_NONNULL = YES;
				CLANG_ANALYZER_NUMBER_OBJECT_CONVERSION = YES_AGGRESSIVE;
				CLANG_CXX_LANGUAGE_STANDARD = "gnu++14";
				CLANG_CXX_LIBRARY = "libc++";
				CLANG_ENABLE_MODULES = YES;
				CLANG_ENABLE_OBJC_ARC = YES;
				CLANG_ENABLE_OBJC_WEAK = YES;
				CLANG_WARN_BLOCK_CAPTURE_AUTORELEASING = YES;
				CLANG_WARN_BOOL_CONVERSION = YES;
				CLANG_WARN_COMMA = YES;
				CLANG_WARN_CONSTANT_CONVERSION = YES;
				CLANG_WARN_DEPRECATED_OBJC_IMPLEMENTATIONS = YES;
				CLANG_WARN_DIRECT_OBJC_ISA_USAGE = YES_ERROR;
				CLANG_WARN_DOCUMENTATION_COMMENTS = YES;
				CLANG_WARN_EMPTY_BODY = YES;
				CLANG_WARN_ENUM_CONVERSION = YES;
				CLANG_WARN_INFINITE_RECURSION = YES;
				CLANG_WARN_INT_CONVERSION = YES;
				CLANG_WARN_NON_LITERAL_NULL_CONVERSION = YES;
				CLANG_WARN_OBJC_IMPLICIT_RETAIN_SELF = YES;
				CLANG_WARN_OBJC_LITERAL_CONVERSION = YES;
				CLANG_WARN_OBJC_ROOT_CLASS = YES_ERROR;
				CLANG_WARN_RANGE_LOOP_ANALYSIS = YES;
				CLANG_WARN_STRICT_PROTOTYPES = YES;
				CLANG_WARN_SUSPICIOUS_MOVE = YES;
				CLANG_WARN_UNGUARDED_AVAILABILITY = YES_AGGRESSIVE;
				CLANG_WARN_UNREACHABLE_CODE = YES;
				CLANG_WARN__DUPLICATE_METHOD_MATCH = YES;
				COPY_PHASE_STRIP = NO;
				DEBUG_INFORMATION_FORMAT = dwarf;
				ENABLE_STRICT_OBJC_MSGSEND = YES;
				ENABLE_TESTABILITY = YES;
				GCC_C_LANGUAGE_STANDARD = gnu11;
				GCC_DYNAMIC_NO_PIC = NO;
				GCC_NO_COMMON_BLOCKS = YES;
				GCC_OPTIMIZATION_LEVEL = 0;
				GCC_PREPROCESSOR_DEFINITIONS = (
					"DEBUG=1",
					"$(inherited)",
				);
				GCC_WARN_64_TO_32_BIT_CONVERSION = YES;
				GCC_WARN_ABOUT_RETURN_TYPE = YES_ERROR;
				GCC_WARN_UNDECLARED_SELECTOR = YES;
				GCC_WARN_UNINITIALIZED_AUTOS = YES_AGGRESSIVE;
				GCC_WARN_UNUSED_FUNCTION = YES;
				GCC_WARN_UNUSED_VARIABLE = YES;
				IPHONEOS_DEPLOYMENT_TARGET = 10.0;
				MTL_ENABLE_DEBUG_INFO = INCLUDE_SOURCE;
				MTL_FAST_MATH = YES;
				ONLY_ACTIVE_ARCH = YES;
				SDKROOT = iphoneos;
				SWIFT_ACTIVE_COMPILATION_CONDITIONS = DEBUG;
				SWIFT_OPTIMIZATION_LEVEL = "-Onone";
			};
			name = Debug;
		};
		4D41A58523A86664002038AD /* Release */ = {
			isa = XCBuildConfiguration;
			buildSettings = {
				ALWAYS_SEARCH_USER_PATHS = NO;
				CLANG_ANALYZER_NONNULL = YES;
				CLANG_ANALYZER_NUMBER_OBJECT_CONVERSION = YES_AGGRESSIVE;
				CLANG_CXX_LANGUAGE_STANDARD = "gnu++14";
				CLANG_CXX_LIBRARY = "libc++";
				CLANG_ENABLE_MODULES = YES;
				CLANG_ENABLE_OBJC_ARC = YES;
				CLANG_ENABLE_OBJC_WEAK = YES;
				CLANG_WARN_BLOCK_CAPTURE_AUTORELEASING = YES;
				CLANG_WARN_BOOL_CONVERSION = YES;
				CLANG_WARN_COMMA = YES;
				CLANG_WARN_CONSTANT_CONVERSION = YES;
				CLANG_WARN_DEPRECATED_OBJC_IMPLEMENTATIONS = YES;
				CLANG_WARN_DIRECT_OBJC_ISA_USAGE = YES_ERROR;
				CLANG_WARN_DOCUMENTATION_COMMENTS = YES;
				CLANG_WARN_EMPTY_BODY = YES;
				CLANG_WARN_ENUM_CONVERSION = YES;
				CLANG_WARN_INFINITE_RECURSION = YES;
				CLANG_WARN_INT_CONVERSION = YES;
				CLANG_WARN_NON_LITERAL_NULL_CONVERSION = YES;
				CLANG_WARN_OBJC_IMPLICIT_RETAIN_SELF = YES;
				CLANG_WARN_OBJC_LITERAL_CONVERSION = YES;
				CLANG_WARN_OBJC_ROOT_CLASS = YES_ERROR;
				CLANG_WARN_RANGE_LOOP_ANALYSIS = YES;
				CLANG_WARN_STRICT_PROTOTYPES = YES;
				CLANG_WARN_SUSPICIOUS_MOVE = YES;
				CLANG_WARN_UNGUARDED_AVAILABILITY = YES_AGGRESSIVE;
				CLANG_WARN_UNREACHABLE_CODE = YES;
				CLANG_WARN__DUPLICATE_METHOD_MATCH = YES;
				COPY_PHASE_STRIP = NO;
				DEBUG_INFORMATION_FORMAT = "dwarf-with-dsym";
				ENABLE_NS_ASSERTIONS = NO;
				ENABLE_STRICT_OBJC_MSGSEND = YES;
				GCC_C_LANGUAGE_STANDARD = gnu11;
				GCC_NO_COMMON_BLOCKS = YES;
				GCC_WARN_64_TO_32_BIT_CONVERSION = YES;
				GCC_WARN_ABOUT_RETURN_TYPE = YES_ERROR;
				GCC_WARN_UNDECLARED_SELECTOR = YES;
				GCC_WARN_UNINITIALIZED_AUTOS = YES_AGGRESSIVE;
				GCC_WARN_UNUSED_FUNCTION = YES;
				GCC_WARN_UNUSED_VARIABLE = YES;
				IPHONEOS_DEPLOYMENT_TARGET = 10.0;
				MTL_ENABLE_DEBUG_INFO = NO;
				MTL_FAST_MATH = YES;
				SDKROOT = iphoneos;
				SWIFT_COMPILATION_MODE = wholemodule;
				SWIFT_OPTIMIZATION_LEVEL = "-O";
				VALIDATE_PRODUCT = YES;
			};
			name = Release;
		};
		4D41A58723A86664002038AD /* Debug */ = {
			isa = XCBuildConfiguration;
			buildSettings = {
				ASSETCATALOG_COMPILER_APPICON_NAME = AppIcon;
				CODE_SIGN_STYLE = Automatic;
				DEVELOPMENT_TEAM = JAFVLB96C5;
				INFOPLIST_FILE = Handmade/Info.plist;
				IPHONEOS_DEPLOYMENT_TARGET = 13.6;
				LD_RUNPATH_SEARCH_PATHS = (
					"$(inherited)",
					"@executable_path/Frameworks",
				);
				PRODUCT_BUNDLE_IDENTIFIER = io.roughgears.handmade;
				PRODUCT_NAME = "$(TARGET_NAME)";
				SWIFT_VERSION = 5.0;
				TARGETED_DEVICE_FAMILY = "1,2";
			};
			name = Debug;
		};
		4D41A58823A86664002038AD /* Release */ = {
			isa = XCBuildConfiguration;
			buildSettings = {
				ASSETCATALOG_COMPILER_APPICON_NAME = AppIcon;
				CODE_SIGN_STYLE = Automatic;
				DEVELOPMENT_TEAM = JAFVLB96C5;
				INFOPLIST_FILE = Handmade/Info.plist;
				IPHONEOS_DEPLOYMENT_TARGET = 13.6;
				LD_RUNPATH_SEARCH_PATHS = (
					"$(inherited)",
					"@executable_path/Frameworks",
				);
				PRODUCT_BUNDLE_IDENTIFIER = io.roughgears.handmade;
				PRODUCT_NAME = "$(TARGET_NAME)";
				SWIFT_VERSION = 5.0;
				TARGETED_DEVICE_FAMILY = "1,2";
			};
			name = Release;
		};
/* End XCBuildConfiguration section */

/* Begin XCConfigurationList section */
		4D41A56D23A86664002038AD /* Build configuration list for PBXProject "Handmade" */ = {
			isa = XCConfigurationList;
			buildConfigurations = (
				4D41A58423A86664002038AD /* Debug */,
				4D41A58523A86664002038AD /* Release */,
			);
			defaultConfigurationIsVisible = 0;
			defaultConfigurationName = Release;
		};
		4D41A58623A86664002038AD /* Build configuration list for PBXNativeTarget "Handmade" */ = {
			isa = XCConfigurationList;
			buildConfigurations = (
				4D41A58723A86664002038AD /* Debug */,
				4D41A58823A86664002038AD /* Release */,
			);
			defaultConfigurationIsVisible = 0;
			defaultConfigurationName = Release;
		};
/* End XCConfigurationList section */
	};
	rootObject = 4D41A56A23A86664002038AD /* Project object */;
}
